
Microsoft Visual Studio Solution File, Format Version 12.00
# Visual Studio Version 17
VisualStudioVersion = 17.14.36408.4
MinimumVisualStudioVersion = 10.0.40219.1
Project("{FAE04EC0-301F-11D3-BF4B-00C04F79EFBC}") = "App.Repositories", "Repositories\App.Repositories.csproj", "{1E6BE719-BCF9-481D-90E0-BB19280AB0DF}"
EndProject
Project("{FAE04EC0-301F-11D3-BF4B-00C04F79EFBC}") = "App.Services", "Services\App.Services.csproj", "{7E408292-A031-499C-BF45-1D2121055224}"
EndProject
Project("{FAE04EC0-301F-11D3-BF4B-00C04F79EFBC}") = "App.API", "App.API\App.API.csproj", "{475F90B6-24F1-46A1-9F7E-2975E36FFE8B}"
EndProject
Global
	GlobalSection(SolutionConfigurationPlatforms) = preSolution
		Debug|Any CPU = Debug|Any CPU
		Release|Any CPU = Release|Any CPU
	EndGlobalSection
	GlobalSection(ProjectConfigurationPlatforms) = postSolution
		{1E6BE719-BCF9-481D-90E0-BB19280AB0DF}.Debug|Any CPU.ActiveCfg = Debug|Any CPU
		{1E6BE719-BCF9-481D-90E0-BB19280AB0DF}.Debug|Any CPU.Build.0 = Debug|Any CPU
		{1E6BE719-BCF9-481D-90E0-BB19280AB0DF}.Release|Any CPU.ActiveCfg = Release|Any CPU
		{1E6BE719-BCF9-481D-90E0-BB19280AB0DF}.Release|Any CPU.Build.0 = Release|Any CPU
		{7E408292-A031-499C-BF45-1D2121055224}.Debug|Any CPU.ActiveCfg = Debug|Any CPU
		{7E408292-A031-499C-BF45-1D2121055224}.Debug|Any CPU.Build.0 = Debug|Any CPU
		{7E408292-A031-499C-BF45-1D2121055224}.Release|Any CPU.ActiveCfg = Release|Any CPU
		{7E408292-A031-499C-BF45-1D2121055224}.Release|Any CPU.Build.0 = Release|Any CPU
		{475F90B6-24F1-46A1-9F7E-2975E36FFE8B}.Debug|Any CPU.ActiveCfg = Debug|Any CPU
		{475F90B6-24F1-46A1-9F7E-2975E36FFE8B}.Debug|Any CPU.Build.0 = Debug|Any CPU
		{475F90B6-24F1-46A1-9F7E-2975E36FFE8B}.Release|Any CPU.ActiveCfg = Release|Any CPU
		{475F90B6-24F1-46A1-9F7E-2975E36FFE8B}.Release|Any CPU.Build.0 = Release|Any CPU
	EndGlobalSection
	GlobalSection(SolutionProperties) = preSolution
		HideSolutionNode = FALSE
	EndGlobalSection
	GlobalSection(ExtensibilityGlobals) = postSolution
		SolutionGuid = {01E22671-BB00-44D1-9FF3-BFE0BFFE3B01}
	EndGlobalSection
EndGlobal
