
Microsoft Visual Studio Solution File, Format Version 12.00
# Visual Studio Version 17
VisualStudioVersion = 17.14.36408.4
MinimumVisualStudioVersion = 10.0.40219.1
Project("{FAE04EC0-301F-11D3-BF4B-00C04F79EFBC}") = "App.Repositories", "Repositories\App.Repositories.csproj", "{1E6BE719-BCF9-481D-90E0-BB19280AB0DF}"
EndProject
Project("{FAE04EC0-301F-11D3-BF4B-00C04F79EFBC}") = "App.Services", "Services\App.Services.csproj", "{7E408292-A031-499C-BF45-1D2121055224}"
EndProject
Project("{FAE04EC0-301F-11D3-BF4B-00C04F79EFBC}") = "App.API", "App.API\App.API.csproj", "{475F90B6-24F1-46A1-9F7E-2975E36FFE8B}"
EndProject
Project("{2150E333-8FDC-42A3-9474-1A3956D46DE8}") = "NLayer", "NLayer", "{02EA681E-C7D8-13C7-8484-4AC65E1B71E8}"
EndProject
Project("{2150E333-8FDC-42A3-9474-1A3956D46DE8}") = "CleanArchitecture", "CleanArchitecture", "{A8D6D3E8-61CE-4023-90F3-83E373529C41}"
EndProject
Project("{2150E333-8FDC-42A3-9474-1A3956D46DE8}") = "Src", "Src", "{3B530A6F-34EC-45B8-A6DE-8674A78F1FFE}"
EndProject
Project("{2150E333-8FDC-42A3-9474-1A3956D46DE8}") = "Test", "Test", "{ED7C68A9-0F1C-4492-B936-A59BC2D87311}"
EndProject
Project("{2150E333-8FDC-42A3-9474-1A3956D46DE8}") = "Core", "Core", "{AC7216FC-058F-4B96-8EC6-7A16ECA116C5}"
EndProject
Project("{FAE04EC0-301F-11D3-BF4B-00C04F79EFBC}") = "App.Domain", "App.Domain\App.Domain.csproj", "{CDB971DF-0B54-4455-A79B-1D30B4BA9B88}"
EndProject
Project("{FAE04EC0-301F-11D3-BF4B-00C04F79EFBC}") = "App.Application", "App.Application\App.Application.csproj", "{9BE41442-2003-451A-8E7C-533EA997DE27}"
EndProject
Project("{2150E333-8FDC-42A3-9474-1A3956D46DE8}") = "Infrastructure", "Infrastructure", "{F08D7883-5428-4421-80A4-E7404D74CAE7}"
EndProject
Project("{FAE04EC0-301F-11D3-BF4B-00C04F79EFBC}") = "App.Persistence", "App.Persistence\App.Persistence.csproj", "{AA891345-5DB7-4FED-8C35-3623A9EA333F}"
EndProject
Project("{2150E333-8FDC-42A3-9474-1A3956D46DE8}") = "API", "API", "{FFFFBAA8-FF08-4378-A205-59EA251EBE0B}"
EndProject
Project("{FAE04EC0-301F-11D3-BF4B-00C04F79EFBC}") = "CleanApp.API", "CleanApp.API\CleanApp.API.csproj", "{FA88034B-78DC-4B3D-A99C-154639B9DBF6}"
EndProject
Global
	GlobalSection(SolutionConfigurationPlatforms) = preSolution
		Debug|Any CPU = Debug|Any CPU
		Release|Any CPU = Release|Any CPU
	EndGlobalSection
	GlobalSection(ProjectConfigurationPlatforms) = postSolution
		{1E6BE719-BCF9-481D-90E0-BB19280AB0DF}.Debug|Any CPU.ActiveCfg = Debug|Any CPU
		{1E6BE719-BCF9-481D-90E0-BB19280AB0DF}.Debug|Any CPU.Build.0 = Debug|Any CPU
		{1E6BE719-BCF9-481D-90E0-BB19280AB0DF}.Release|Any CPU.ActiveCfg = Release|Any CPU
		{1E6BE719-BCF9-481D-90E0-BB19280AB0DF}.Release|Any CPU.Build.0 = Release|Any CPU
		{7E408292-A031-499C-BF45-1D2121055224}.Debug|Any CPU.ActiveCfg = Debug|Any CPU
		{7E408292-A031-499C-BF45-1D2121055224}.Debug|Any CPU.Build.0 = Debug|Any CPU
		{7E408292-A031-499C-BF45-1D2121055224}.Release|Any CPU.ActiveCfg = Release|Any CPU
		{7E408292-A031-499C-BF45-1D2121055224}.Release|Any CPU.Build.0 = Release|Any CPU
		{475F90B6-24F1-46A1-9F7E-2975E36FFE8B}.Debug|Any CPU.ActiveCfg = Debug|Any CPU
		{475F90B6-24F1-46A1-9F7E-2975E36FFE8B}.Debug|Any CPU.Build.0 = Debug|Any CPU
		{475F90B6-24F1-46A1-9F7E-2975E36FFE8B}.Release|Any CPU.ActiveCfg = Release|Any CPU
		{475F90B6-24F1-46A1-9F7E-2975E36FFE8B}.Release|Any CPU.Build.0 = Release|Any CPU
		{CDB971DF-0B54-4455-A79B-1D30B4BA9B88}.Debug|Any CPU.ActiveCfg = Debug|Any CPU
		{CDB971DF-0B54-4455-A79B-1D30B4BA9B88}.Debug|Any CPU.Build.0 = Debug|Any CPU
		{CDB971DF-0B54-4455-A79B-1D30B4BA9B88}.Release|Any CPU.ActiveCfg = Release|Any CPU
		{CDB971DF-0B54-4455-A79B-1D30B4BA9B88}.Release|Any CPU.Build.0 = Release|Any CPU
		{9BE41442-2003-451A-8E7C-533EA997DE27}.Debug|Any CPU.ActiveCfg = Debug|Any CPU
		{9BE41442-2003-451A-8E7C-533EA997DE27}.Debug|Any CPU.Build.0 = Debug|Any CPU
		{9BE41442-2003-451A-8E7C-533EA997DE27}.Release|Any CPU.ActiveCfg = Release|Any CPU
		{9BE41442-2003-451A-8E7C-533EA997DE27}.Release|Any CPU.Build.0 = Release|Any CPU
		{AA891345-5DB7-4FED-8C35-3623A9EA333F}.Debug|Any CPU.ActiveCfg = Debug|Any CPU
		{AA891345-5DB7-4FED-8C35-3623A9EA333F}.Debug|Any CPU.Build.0 = Debug|Any CPU
		{AA891345-5DB7-4FED-8C35-3623A9EA333F}.Release|Any CPU.ActiveCfg = Release|Any CPU
		{AA891345-5DB7-4FED-8C35-3623A9EA333F}.Release|Any CPU.Build.0 = Release|Any CPU
		{FA88034B-78DC-4B3D-A99C-154639B9DBF6}.Debug|Any CPU.ActiveCfg = Debug|Any CPU
		{FA88034B-78DC-4B3D-A99C-154639B9DBF6}.Debug|Any CPU.Build.0 = Debug|Any CPU
		{FA88034B-78DC-4B3D-A99C-154639B9DBF6}.Release|Any CPU.ActiveCfg = Release|Any CPU
		{FA88034B-78DC-4B3D-A99C-154639B9DBF6}.Release|Any CPU.Build.0 = Release|Any CPU
	EndGlobalSection
	GlobalSection(SolutionProperties) = preSolution
		HideSolutionNode = FALSE
	EndGlobalSection
	GlobalSection(NestedProjects) = preSolution
		{1E6BE719-BCF9-481D-90E0-BB19280AB0DF} = {02EA681E-C7D8-13C7-8484-4AC65E1B71E8}
		{7E408292-A031-499C-BF45-1D2121055224} = {02EA681E-C7D8-13C7-8484-4AC65E1B71E8}
		{475F90B6-24F1-46A1-9F7E-2975E36FFE8B} = {02EA681E-C7D8-13C7-8484-4AC65E1B71E8}
		{3B530A6F-34EC-45B8-A6DE-8674A78F1FFE} = {A8D6D3E8-61CE-4023-90F3-83E373529C41}
		{ED7C68A9-0F1C-4492-B936-A59BC2D87311} = {A8D6D3E8-61CE-4023-90F3-83E373529C41}
		{AC7216FC-058F-4B96-8EC6-7A16ECA116C5} = {3B530A6F-34EC-45B8-A6DE-8674A78F1FFE}
		{CDB971DF-0B54-4455-A79B-1D30B4BA9B88} = {AC7216FC-058F-4B96-8EC6-7A16ECA116C5}
		{9BE41442-2003-451A-8E7C-533EA997DE27} = {AC7216FC-058F-4B96-8EC6-7A16ECA116C5}
		{F08D7883-5428-4421-80A4-E7404D74CAE7} = {3B530A6F-34EC-45B8-A6DE-8674A78F1FFE}
		{AA891345-5DB7-4FED-8C35-3623A9EA333F} = {F08D7883-5428-4421-80A4-E7404D74CAE7}
		{FFFFBAA8-FF08-4378-A205-59EA251EBE0B} = {3B530A6F-34EC-45B8-A6DE-8674A78F1FFE}
		{FA88034B-78DC-4B3D-A99C-154639B9DBF6} = {FFFFBAA8-FF08-4378-A205-59EA251EBE0B}
	EndGlobalSection
	GlobalSection(ExtensibilityGlobals) = postSolution
		SolutionGuid = {01E22671-BB00-44D1-9FF3-BFE0BFFE3B01}
	EndGlobalSection
EndGlobal
